// !$*UTF8*$!
{
	archiveVersion = 1;
	classes = {
	};
	objectVersion = 48;
	objects = {

/* Begin PBXBuildFile section */
		DBCB6C1D211EC95300EA9968 /* AppDelegate.swift in Sources */ = {isa = PBXBuildFile; fileRef = DBCB6C1C211EC95300EA9968 /* AppDelegate.swift */; };
		DBCB6C1F211EC95300EA9968 /* ViewController.swift in Sources */ = {isa = PBXBuildFile; fileRef = DBCB6C1E211EC95300EA9968 /* ViewController.swift */; };
		DBCB6C22211EC95300EA9968 /* Main.storyboard in Resources */ = {isa = PBXBuildFile; fileRef = DBCB6C20211EC95300EA9968 /* Main.storyboard */; };
		DBCB6C24211EC95300EA9968 /* Assets.xcassets in Resources */ = {isa = PBXBuildFile; fileRef = DBCB6C23211EC95300EA9968 /* Assets.xcassets */; };
		DBCB6C27211EC95300EA9968 /* LaunchScreen.storyboard in Resources */ = {isa = PBXBuildFile; fileRef = DBCB6C25211EC95300EA9968 /* LaunchScreen.storyboard */; };
/* End PBXBuildFile section */

/* Begin PBXFileReference section */
		DBCB6C19211EC95300EA9968 /* GmapPlaceAutocomplete.app */ = {isa = PBXFileReference; explicitFileType = wrapper.application; includeInIndex = 0; path = GmapPlaceAutocomplete.app; sourceTree = BUILT_PRODUCTS_DIR; };
		DBCB6C1C211EC95300EA9968 /* AppDelegate.swift */ = {isa = PBXFileReference; lastKnownFileType = sourcecode.swift; path = AppDelegate.swift; sourceTree = "<group>"; };
		DBCB6C1E211EC95300EA9968 /* ViewController.swift */ = {isa = PBXFileReference; lastKnownFileType = sourcecode.swift; path = ViewController.swift; sourceTree = "<group>"; };
		DBCB6C21211EC95300EA9968 /* Base */ = {isa = PBXFileReference; lastKnownFileType = file.storyboard; name = Base; path = Base.lproj/Main.storyboard; sourceTree = "<group>"; };
		DBCB6C23211EC95300EA9968 /* Assets.xcassets */ = {isa = PBXFileReference; lastKnownFileType = folder.assetcatalog; path = Assets.xcassets; sourceTree = "<group>"; };
		DBCB6C26211EC95300EA9968 /* Base */ = {isa = PBXFileReference; lastKnownFileType = file.storyboard; name = Base; path = Base.lproj/LaunchScreen.storyboard; sourceTree = "<group>"; };
		DBCB6C28211EC95300EA9968 /* Info.plist */ = {isa = PBXFileReference; lastKnownFileType = text.plist.xml; path = Info.plist; sourceTree = "<group>"; };
/* End PBXFileReference section */

/* Begin PBXFrameworksBuildPhase section */
		DBCB6C16211EC95300EA9968 /* Frameworks */ = {
			isa = PBXFrameworksBuildPhase;
			buildActionMask = 2147483647;
			files = (
			);
			runOnlyForDeploymentPostprocessing = 0;
		};
/* End PBXFrameworksBuildPhase section */

/* Begin PBXGroup section */
		DBCB6C10211EC95300EA9968 = {
			isa = PBXGroup;
			children = (
				DBCB6C1B211EC95300EA9968 /* GmapPlaceAutocomplete */,
				DBCB6C1A211EC95300EA9968 /* Products */,
			);
			sourceTree = "<group>";
		};
		DBCB6C1A211EC95300EA9968 /* Products */ = {
			isa = PBXGroup;
			children = (
				DBCB6C19211EC95300EA9968 /* GmapPlaceAutocomplete.app */,
			);
			name = Products;
			sourceTree = "<group>";
		};
		DBCB6C1B211EC95300EA9968 /* GmapPlaceAutocomplete */ = {
			isa = PBXGroup;
			children = (
				DBCB6C1C211EC95300EA9968 /* AppDelegate.swift */,
				DBCB6C1E211EC95300EA9968 /* ViewController.swift */,
				DBCB6C20211EC95300EA9968 /* Main.storyboard */,
				DBCB6C23211EC95300EA9968 /* Assets.xcassets */,
				DBCB6C25211EC95300EA9968 /* LaunchScreen.storyboard */,
				DBCB6C28211EC95300EA9968 /* Info.plist */,
			);
			path = GmapPlaceAutocomplete;
			sourceTree = "<group>";
		};
/* End PBXGroup section */

/* Begin PBXNativeTarget section */
		DBCB6C18211EC95300EA9968 /* GmapPlaceAutocomplete */ = {
			isa = PBXNativeTarget;
			buildConfigurationList = DBCB6C2B211EC95300EA9968 /* Build configuration list for PBXNativeTarget "GmapPlaceAutocomplete" */;
			buildPhases = (
				DBCB6C15211EC95300EA9968 /* Sources */,
				DBCB6C16211EC95300EA9968 /* Frameworks */,
				DBCB6C17211EC95300EA9968 /* Resources */,
			);
			buildRules = (
			);
			dependencies = (
			);
			name = GmapPlaceAutocomplete;
			productName = GmapPlaceAutocomplete;
			productReference = DBCB6C19211EC95300EA9968 /* GmapPlaceAutocomplete.app */;
			productType = "com.apple.product-type.application";
		};
/* End PBXNativeTarget section */

/* Begin PBXProject section */
		DBCB6C11211EC95300EA9968 /* Project object */ = {
			isa = PBXProject;
			attributes = {
				LastSwiftUpdateCheck = 0920;
				LastUpgradeCheck = 0920;
				ORGANIZATIONNAME = "Đừng xóa";
				TargetAttributes = {
					DBCB6C18211EC95300EA9968 = {
						CreatedOnToolsVersion = 9.2;
						ProvisioningStyle = Automatic;
					};
				};
			};
			buildConfigurationList = DBCB6C14211EC95300EA9968 /* Build configuration list for PBXProject "GmapPlaceAutocomplete" */;
			compatibilityVersion = "Xcode 8.0";
			developmentRegion = en;
			hasScannedForEncodings = 0;
			knownRegions = (
				en,
				Base,
			);
			mainGroup = DBCB6C10211EC95300EA9968;
			productRefGroup = DBCB6C1A211EC95300EA9968 /* Products */;
			projectDirPath = "";
			projectRoot = "";
			targets = (
				DBCB6C18211EC95300EA9968 /* GmapPlaceAutocomplete */,
			);
		};
/* End PBXProject section */

/* Begin PBXResourcesBuildPhase section */
		DBCB6C17211EC95300EA9968 /* Resources */ = {
			isa = PBXResourcesBuildPhase;
			buildActionMask = 2147483647;
			files = (
				DBCB6C27211EC95300EA9968 /* LaunchScreen.storyboard in Resources */,
				DBCB6C24211EC95300EA9968 /* Assets.xcassets in Resources */,
				DBCB6C22211EC95300EA9968 /* Main.storyboard in Resources */,
			);
			runOnlyForDeploymentPostprocessing = 0;
		};
/* End PBXResourcesBuildPhase section */

/* Begin PBXSourcesBuildPhase section */
		DBCB6C15211EC95300EA9968 /* Sources */ = {
			isa = PBXSourcesBuildPhase;
			buildActionMask = 2147483647;
			files = (
				DBCB6C1F211EC95300EA9968 /* ViewController.swift in Sources */,
				DBCB6C1D211EC95300EA9968 /* AppDelegate.swift in Sources */,
			);
			runOnlyForDeploymentPostprocessing = 0;
		};
/* End PBXSourcesBuildPhase section */

/* Begin PBXVariantGroup section */
		DBCB6C20211EC95300EA9968 /* Main.storyboard */ = {
			isa = PBXVariantGroup;
			children = (
				DBCB6C21211EC95300EA9968 /* Base */,
			);
			name = Main.storyboard;
			sourceTree = "<group>";
		};
		DBCB6C25211EC95300EA9968 /* LaunchScreen.storyboard */ = {
			isa = PBXVariantGroup;
			children = (
				DBCB6C26211EC95300EA9968 /* Base */,
			);
			name = LaunchScreen.storyboard;
			sourceTree = "<group>";
		};
/* End PBXVariantGroup section */

/* Begin XCBuildConfiguration section */
		DBCB6C29211EC95300EA9968 /* Debug */ = {
			isa = XCBuildConfiguration;
			buildSettings = {
				ALWAYS_SEARCH_USER_PATHS = NO;
				CLANG_ANALYZER_NONNULL = YES;
				CLANG_ANALYZER_NUMBER_OBJECT_CONVERSION = YES_AGGRESSIVE;
				CLANG_CXX_LANGUAGE_STANDARD = "gnu++14";
				CLANG_CXX_LIBRARY = "libc++";
				CLANG_ENABLE_MODULES = YES;
				CLANG_ENABLE_OBJC_ARC = YES;
				CLANG_WARN_BLOCK_CAPTURE_AUTORELEASING = YES;
				CLANG_WARN_BOOL_CONVERSION = YES;
				CLANG_WARN_COMMA = YES;
				CLANG_WARN_CONSTANT_CONVERSION = YES;
				CLANG_WARN_DIRECT_OBJC_ISA_USAGE = YES_ERROR;
				CLANG_WARN_DOCUMENTATION_COMMENTS = YES;
				CLANG_WARN_EMPTY_BODY = YES;
				CLANG_WARN_ENUM_CONVERSION = YES;
				CLANG_WARN_INFINITE_RECURSION = YES;
				CLANG_WARN_INT_CONVERSION = YES;
				CLANG_WARN_NON_LITERAL_NULL_CONVERSION = YES;
				CLANG_WARN_OBJC_LITERAL_CONVERSION = YES;
				CLANG_WARN_OBJC_ROOT_CLASS = YES_ERROR;
				CLANG_WARN_RANGE_LOOP_ANALYSIS = YES;
				CLANG_WARN_STRICT_PROTOTYPES = YES;
				CLANG_WARN_SUSPICIOUS_MOVE = YES;
				CLANG_WARN_UNGUARDED_AVAILABILITY = YES_AGGRESSIVE;
				CLANG_WARN_UNREACHABLE_CODE = YES;
				CLANG_WARN__DUPLICATE_METHOD_MATCH = YES;
				CODE_SIGN_IDENTITY = "iPhone Developer";
				COPY_PHASE_STRIP = NO;
				DEBUG_INFORMATION_FORMAT = dwarf;
				ENABLE_STRICT_OBJC_MSGSEND = YES;
				ENABLE_TESTABILITY = YES;
				GCC_C_LANGUAGE_STANDARD = gnu11;
				GCC_DYNAMIC_NO_PIC = NO;
				GCC_NO_COMMON_BLOCKS = YES;
				GCC_OPTIMIZATION_LEVEL = 0;
				GCC_PREPROCESSOR_DEFINITIONS = (
					"DEBUG=1",
					"$(inherited)",
				);
				GCC_WARN_64_TO_32_BIT_CONVERSION = YES;
				GCC_WARN_ABOUT_RETURN_TYPE = YES_ERROR;
				GCC_WARN_UNDECLARED_SELECTOR = YES;
				GCC_WARN_UNINITIALIZED_AUTOS = YES_AGGRESSIVE;
				GCC_WARN_UNUSED_FUNCTION = YES;
				GCC_WARN_UNUSED_VARIABLE = YES;
				IPHONEOS_DEPLOYMENT_TARGET = 11.2;
				MTL_ENABLE_DEBUG_INFO = YES;
				ONLY_ACTIVE_ARCH = YES;
				SDKROOT = iphoneos;
				SWIFT_ACTIVE_COMPILATION_CONDITIONS = DEBUG;
				SWIFT_OPTIMIZATION_LEVEL = "-Onone";
			};
			name = Debug;
		};
		DBCB6C2A211EC95300EA9968 /* Release */ = {
			isa = XCBuildConfiguration;
			buildSettings = {
				ALWAYS_SEARCH_USER_PATHS = NO;
				CLANG_ANALYZER_NONNULL = YES;
				CLANG_ANALYZER_NUMBER_OBJECT_CONVERSION = YES_AGGRESSIVE;
				CLANG_CXX_LANGUAGE_STANDARD = "gnu++14";
				CLANG_CXX_LIBRARY = "libc++";
				CLANG_ENABLE_MODULES = YES;
				CLANG_ENABLE_OBJC_ARC = YES;
				CLANG_WARN_BLOCK_CAPTURE_AUTORELEASING = YES;
				CLANG_WARN_BOOL_CONVERSION = YES;
				CLANG_WARN_COMMA = YES;
				CLANG_WARN_CONSTANT_CONVERSION = YES;
				CLANG_WARN_DIRECT_OBJC_ISA_USAGE = YES_ERROR;
				CLANG_WARN_DOCUMENTATION_COMMENTS = YES;
				CLANG_WARN_EMPTY_BODY = YES;
				CLANG_WARN_ENUM_CONVERSION = YES;
				CLANG_WARN_INFINITE_RECURSION = YES;
				CLANG_WARN_INT_CONVERSION = YES;
				CLANG_WARN_NON_LITERAL_NULL_CONVERSION = YES;
				CLANG_WARN_OBJC_LITERAL_CONVERSION = YES;
				CLANG_WARN_OBJC_ROOT_CLASS = YES_ERROR;
				CLANG_WARN_RANGE_LOOP_ANALYSIS = YES;
				CLANG_WARN_STRICT_PROTOTYPES = YES;
				CLANG_WARN_SUSPICIOUS_MOVE = YES;
				CLANG_WARN_UNGUARDED_AVAILABILITY = YES_AGGRESSIVE;
				CLANG_WARN_UNREACHABLE_CODE = YES;
				CLANG_WARN__DUPLICATE_METHOD_MATCH = YES;
				CODE_SIGN_IDENTITY = "iPhone Developer";
				COPY_PHASE_STRIP = NO;
				DEBUG_INFORMATION_FORMAT = "dwarf-with-dsym";
				ENABLE_NS_ASSERTIONS = NO;
				ENABLE_STRICT_OBJC_MSGSEND = YES;
				GCC_C_LANGUAGE_STANDARD = gnu11;
				GCC_NO_COMMON_BLOCKS = YES;
				GCC_WARN_64_TO_32_BIT_CONVERSION = YES;
				GCC_WARN_ABOUT_RETURN_TYPE = YES_ERROR;
				GCC_WARN_UNDECLARED_SELECTOR = YES;
				GCC_WARN_UNINITIALIZED_AUTOS = YES_AGGRESSIVE;
				GCC_WARN_UNUSED_FUNCTION = YES;
				GCC_WARN_UNUSED_VARIABLE = YES;
				IPHONEOS_DEPLOYMENT_TARGET = 11.2;
				MTL_ENABLE_DEBUG_INFO = NO;
				SDKROOT = iphoneos;
				SWIFT_OPTIMIZATION_LEVEL = "-Owholemodule";
				VALIDATE_PRODUCT = YES;
			};
			name = Release;
		};
		DBCB6C2C211EC95300EA9968 /* Debug */ = {
			isa = XCBuildConfiguration;
			buildSettings = {
				ASSETCATALOG_COMPILER_APPICON_NAME = AppIcon;
				CODE_SIGN_STYLE = Automatic;
				INFOPLIST_FILE = GmapPlaceAutocomplete/Info.plist;
				LD_RUNPATH_SEARCH_PATHS = "$(inherited) @executable_path/Frameworks";
				PRODUCT_BUNDLE_IDENTIFIER = Hhuyy.GmapPlaceAutocomplete;
				PRODUCT_NAME = "$(TARGET_NAME)";
				SWIFT_VERSION = 4.0;
				TARGETED_DEVICE_FAMILY = "1,2";
			};
			name = Debug;
		};
		DBCB6C2D211EC95300EA9968 /* Release */ = {
			isa = XCBuildConfiguration;
			buildSettings = {
				ASSETCATALOG_COMPILER_APPICON_NAME = AppIcon;
				CODE_SIGN_STYLE = Automatic;
				INFOPLIST_FILE = GmapPlaceAutocomplete/Info.plist;
				LD_RUNPATH_SEARCH_PATHS = "$(inherited) @executable_path/Frameworks";
				PRODUCT_BUNDLE_IDENTIFIER = Hhuyy.GmapPlaceAutocomplete;
				PRODUCT_NAME = "$(TARGET_NAME)";
				SWIFT_VERSION = 4.0;
				TARGETED_DEVICE_FAMILY = "1,2";
			};
			name = Release;
		};
/* End XCBuildConfiguration section */

/* Begin XCConfigurationList section */
		DBCB6C14211EC95300EA9968 /* Build configuration list for PBXProject "GmapPlaceAutocomplete" */ = {
			isa = XCConfigurationList;
			buildConfigurations = (
				DBCB6C29211EC95300EA9968 /* Debug */,
				DBCB6C2A211EC95300EA9968 /* Release */,
			);
			defaultConfigurationIsVisible = 0;
			defaultConfigurationName = Release;
		};
		DBCB6C2B211EC95300EA9968 /* Build configuration list for PBXNativeTarget "GmapPlaceAutocomplete" */ = {
			isa = XCConfigurationList;
			buildConfigurations = (
				DBCB6C2C211EC95300EA9968 /* Debug */,
				DBCB6C2D211EC95300EA9968 /* Release */,
			);
			defaultConfigurationIsVisible = 0;
			defaultConfigurationName = Release;
		};
/* End XCConfigurationList section */
	};
	rootObject = DBCB6C11211EC95300EA9968 /* Project object */;
}
